Microsoft Visual Studio Solution File, Format Version 11.00
# Visual Studio 2008

Project("{F0CA01A6-AE44-86AE-7E05-C2D60D0CF248}") = "COM305-Final", "Assembly-CSharp.csproj", "{B38E905D-CA49-764D-78F4-97FEDFE5FFC0}"
EndProject
Global
	GlobalSection(SolutionConfigurationPlatforms) = preSolution
		Debug|Any CPU = Debug|Any CPU
		Release|Any CPU = Release|Any CPU
	EndGlobalSection
	GlobalSection(ProjectConfigurationPlatforms) = postSolution
		{B38E905D-CA49-764D-78F4-97FEDFE5FFC0}.Debug|Any CPU.ActiveCfg = Debug|Any CPU
		{B38E905D-CA49-764D-78F4-97FEDFE5FFC0}.Debug|Any CPU.Build.0 = Debug|Any CPU
		{B38E905D-CA49-764D-78F4-97FEDFE5FFC0}.Release|Any CPU.ActiveCfg = Release|Any CPU
		{B38E905D-CA49-764D-78F4-97FEDFE5FFC0}.Release|Any CPU.Build.0 = Release|Any CPU
	EndGlobalSection
	GlobalSection(SolutionProperties) = preSolution
		HideSolutionNode = FALSE
	EndGlobalSection
	GlobalSection(MonoDevelopProperties) = preSolution
		StartupItem = Assembly-CSharp.csproj
	EndGlobalSection
EndGlobal
